
Microsoft Visual Studio Solution File, Format Version 12.00
Project("{FAE04EC0-301F-11D3-BF4B-00C04F79EFBC}") = "FMIWebsiteAPI", "FMIWebsiteAPI\FMIWebsiteAPI.csproj", "{00C2744E-01E6-4D22-93DB-A3C95704E648}"
EndProject
Project("{FAE04EC0-301F-11D3-BF4B-00C04F79EFBC}") = "FMIWebsiteAPI.Identity", "FMIWebsiteAPI.Identity\FMIWebsiteAPI.Identity.csproj", "{94D34C49-A498-4526-A4AD-8DEED428F37D}"
EndProject
Project("{FAE04EC0-301F-11D3-BF4B-00C04F79EFBC}") = "FMIWebsiteAPI.JwtAuthorization", "FMIWebsiteAPI.JwtAuthorization\FMIWebsiteAPI.JwtAuthorization.csproj", "{2E097BE3-0B45-4E3D-B725-26387DB13790}"
EndProject
Project("{FAE04EC0-301F-11D3-BF4B-00C04F79EFBC}") = "FMIWebsiteAPI.Models", "FMIWebsiteAPI.Models\FMIWebsiteAPI.Models.csproj", "{0147FE78-87FD-400B-A4A4-049BAF61418F}"
EndProject
Project("{FAE04EC0-301F-11D3-BF4B-00C04F79EFBC}") = "FMIWebsiteAPI.Shared", "FMIWebsiteAPI.Shared\FMIWebsiteAPI.Shared.csproj", "{C202751C-B9CD-4439-B9D3-A0844049076A}"
EndProject
Global
	GlobalSection(SolutionConfigurationPlatforms) = preSolution
		Debug|Any CPU = Debug|Any CPU
		Release|Any CPU = Release|Any CPU
	EndGlobalSection
	GlobalSection(ProjectConfigurationPlatforms) = postSolution
		{00C2744E-01E6-4D22-93DB-A3C95704E648}.Debug|Any CPU.ActiveCfg = Debug|Any CPU
		{00C2744E-01E6-4D22-93DB-A3C95704E648}.Debug|Any CPU.Build.0 = Debug|Any CPU
		{00C2744E-01E6-4D22-93DB-A3C95704E648}.Release|Any CPU.ActiveCfg = Release|Any CPU
		{00C2744E-01E6-4D22-93DB-A3C95704E648}.Release|Any CPU.Build.0 = Release|Any CPU
		{94D34C49-A498-4526-A4AD-8DEED428F37D}.Debug|Any CPU.ActiveCfg = Debug|Any CPU
		{94D34C49-A498-4526-A4AD-8DEED428F37D}.Debug|Any CPU.Build.0 = Debug|Any CPU
		{94D34C49-A498-4526-A4AD-8DEED428F37D}.Release|Any CPU.ActiveCfg = Release|Any CPU
		{94D34C49-A498-4526-A4AD-8DEED428F37D}.Release|Any CPU.Build.0 = Release|Any CPU
		{2E097BE3-0B45-4E3D-B725-26387DB13790}.Debug|Any CPU.ActiveCfg = Debug|Any CPU
		{2E097BE3-0B45-4E3D-B725-26387DB13790}.Debug|Any CPU.Build.0 = Debug|Any CPU
		{2E097BE3-0B45-4E3D-B725-26387DB13790}.Release|Any CPU.ActiveCfg = Release|Any CPU
		{2E097BE3-0B45-4E3D-B725-26387DB13790}.Release|Any CPU.Build.0 = Release|Any CPU
		{0147FE78-87FD-400B-A4A4-049BAF61418F}.Debug|Any CPU.ActiveCfg = Debug|Any CPU
		{0147FE78-87FD-400B-A4A4-049BAF61418F}.Debug|Any CPU.Build.0 = Debug|Any CPU
		{0147FE78-87FD-400B-A4A4-049BAF61418F}.Release|Any CPU.ActiveCfg = Release|Any CPU
		{0147FE78-87FD-400B-A4A4-049BAF61418F}.Release|Any CPU.Build.0 = Release|Any CPU
		{C202751C-B9CD-4439-B9D3-A0844049076A}.Debug|Any CPU.ActiveCfg = Debug|Any CPU
		{C202751C-B9CD-4439-B9D3-A0844049076A}.Debug|Any CPU.Build.0 = Debug|Any CPU
		{C202751C-B9CD-4439-B9D3-A0844049076A}.Release|Any CPU.ActiveCfg = Release|Any CPU
		{C202751C-B9CD-4439-B9D3-A0844049076A}.Release|Any CPU.Build.0 = Release|Any CPU
	EndGlobalSection
EndGlobal
