
Microsoft Visual Studio Solution File, Format Version 12.00
Project("{FAE04EC0-301F-11D3-BF4B-00C04F79EFBC}") = "NewsWebsiteAPI", "NewsWebsiteAPI\NewsWebsiteAPI.csproj", "{00C2744E-01E6-4D22-93DB-A3C95704E648}"
EndProject
Project("{FAE04EC0-301F-11D3-BF4B-00C04F79EFBC}") = "NewsWebsiteAPI.Identity", "NewsWebsiteAPI.Identity\NewsWebsiteAPI.Identity.csproj", "{94D34C49-A498-4526-A4AD-8DEED428F37D}"
EndProject
Project("{FAE04EC0-301F-11D3-BF4B-00C04F79EFBC}") = "NewsWebsiteAPI.Models", "NewsWebsiteAPI.Models\NewsWebsiteAPI.Models.csproj", "{0147FE78-87FD-400B-A4A4-049BAF61418F}"
EndProject
Project("{FAE04EC0-301F-11D3-BF4B-00C04F79EFBC}") = "NewsWebsiteAPI.DataAccess", "NewsWebsiteAPI.DataAccess\NewsWebsiteAPI.DataAccess.csproj", "{2B3496C0-3674-430C-B456-6C8390A254DA}"
EndProject
Project("{FAE04EC0-301F-11D3-BF4B-00C04F79EFBC}") = "NewsWebsiteAPI.UnitTests", "NewsWebsiteAPI.UnitTests\NewsWebsiteAPI.UnitTests.csproj", "{3E15E875-EB40-4A23-A721-E4A12E696119}"
EndProject
Project("{FAE04EC0-301F-11D3-BF4B-00C04F79EFBC}") = "NewsWebsiteAPI.Infrastructure", "NewsWebsiteAPI.Infrastructure\NewsWebsiteAPI.Infrastructure.csproj", "{BF4C7D5A-E19F-4FC3-9768-1EDFE75BA933}"
EndProject
Project("{FAE04EC0-301F-11D3-BF4B-00C04F79EFBC}") = "NewsWebsiteAPI.Shared", "NewsWebsiteAPI.Shared\NewsWebsiteAPI.Shared.csproj", "{08D30600-2224-4582-A68B-F69DC4B6C000}"
EndProject
Global
	GlobalSection(SolutionConfigurationPlatforms) = preSolution
		Debug|Any CPU = Debug|Any CPU
		Release|Any CPU = Release|Any CPU
	EndGlobalSection
	GlobalSection(ProjectConfigurationPlatforms) = postSolution
		{00C2744E-01E6-4D22-93DB-A3C95704E648}.Debug|Any CPU.ActiveCfg = Debug|Any CPU
		{00C2744E-01E6-4D22-93DB-A3C95704E648}.Debug|Any CPU.Build.0 = Debug|Any CPU
		{00C2744E-01E6-4D22-93DB-A3C95704E648}.Release|Any CPU.ActiveCfg = Release|Any CPU
		{00C2744E-01E6-4D22-93DB-A3C95704E648}.Release|Any CPU.Build.0 = Release|Any CPU
		{94D34C49-A498-4526-A4AD-8DEED428F37D}.Debug|Any CPU.ActiveCfg = Debug|Any CPU
		{94D34C49-A498-4526-A4AD-8DEED428F37D}.Debug|Any CPU.Build.0 = Debug|Any CPU
		{94D34C49-A498-4526-A4AD-8DEED428F37D}.Release|Any CPU.ActiveCfg = Release|Any CPU
		{94D34C49-A498-4526-A4AD-8DEED428F37D}.Release|Any CPU.Build.0 = Release|Any CPU
		{0147FE78-87FD-400B-A4A4-049BAF61418F}.Debug|Any CPU.ActiveCfg = Debug|Any CPU
		{0147FE78-87FD-400B-A4A4-049BAF61418F}.Debug|Any CPU.Build.0 = Debug|Any CPU
		{0147FE78-87FD-400B-A4A4-049BAF61418F}.Release|Any CPU.ActiveCfg = Release|Any CPU
		{0147FE78-87FD-400B-A4A4-049BAF61418F}.Release|Any CPU.Build.0 = Release|Any CPU
		{2B3496C0-3674-430C-B456-6C8390A254DA}.Debug|Any CPU.ActiveCfg = Debug|Any CPU
		{2B3496C0-3674-430C-B456-6C8390A254DA}.Debug|Any CPU.Build.0 = Debug|Any CPU
		{2B3496C0-3674-430C-B456-6C8390A254DA}.Release|Any CPU.ActiveCfg = Release|Any CPU
		{2B3496C0-3674-430C-B456-6C8390A254DA}.Release|Any CPU.Build.0 = Release|Any CPU
		{3E15E875-EB40-4A23-A721-E4A12E696119}.Debug|Any CPU.ActiveCfg = Debug|Any CPU
		{3E15E875-EB40-4A23-A721-E4A12E696119}.Debug|Any CPU.Build.0 = Debug|Any CPU
		{3E15E875-EB40-4A23-A721-E4A12E696119}.Release|Any CPU.ActiveCfg = Release|Any CPU
		{3E15E875-EB40-4A23-A721-E4A12E696119}.Release|Any CPU.Build.0 = Release|Any CPU
		{BF4C7D5A-E19F-4FC3-9768-1EDFE75BA933}.Debug|Any CPU.ActiveCfg = Debug|Any CPU
		{BF4C7D5A-E19F-4FC3-9768-1EDFE75BA933}.Debug|Any CPU.Build.0 = Debug|Any CPU
		{BF4C7D5A-E19F-4FC3-9768-1EDFE75BA933}.Release|Any CPU.ActiveCfg = Release|Any CPU
		{BF4C7D5A-E19F-4FC3-9768-1EDFE75BA933}.Release|Any CPU.Build.0 = Release|Any CPU
		{08D30600-2224-4582-A68B-F69DC4B6C000}.Debug|Any CPU.ActiveCfg = Debug|Any CPU
		{08D30600-2224-4582-A68B-F69DC4B6C000}.Debug|Any CPU.Build.0 = Debug|Any CPU
		{08D30600-2224-4582-A68B-F69DC4B6C000}.Release|Any CPU.ActiveCfg = Release|Any CPU
		{08D30600-2224-4582-A68B-F69DC4B6C000}.Release|Any CPU.Build.0 = Release|Any CPU
	EndGlobalSection
EndGlobal
